
Microsoft Visual Studio Solution File, Format Version 12.00
# Visual Studio Version 17
VisualStudioVersion = 17.10.35122.118
MinimumVisualStudioVersion = 10.0.40219.1
Project("{FAE04EC0-301F-11D3-BF4B-00C04F79EFBC}") = "LoadTester", "LoadTester\LoadTester.csproj", "{8D1720B4-3045-4AD1-9A1C-D2153121EE92}"
EndProject
Project("{FAE04EC0-301F-11D3-BF4B-00C04F79EFBC}") = "MQQueueMonitor", "MQQueueMonitor\MQQueueMonitor.csproj", "{7069F366-5582-4E5D-8670-6AFA37558C3A}"
EndProject
Global
	GlobalSection(SolutionConfigurationPlatforms) = preSolution
		Debug|Any CPU = Debug|Any CPU
		Release|Any CPU = Release|Any CPU
	EndGlobalSection
	GlobalSection(ProjectConfigurationPlatforms) = postSolution
		{8D1720B4-3045-4AD1-9A1C-D2153121EE92}.Debug|Any CPU.ActiveCfg = Debug|Any CPU
		{8D1720B4-3045-4AD1-9A1C-D2153121EE92}.Debug|Any CPU.Build.0 = Debug|Any CPU
		{8D1720B4-3045-4AD1-9A1C-D2153121EE92}.Release|Any CPU.ActiveCfg = Release|Any CPU
		{8D1720B4-3045-4AD1-9A1C-D2153121EE92}.Release|Any CPU.Build.0 = Release|Any CPU
		{7069F366-5582-4E5D-8670-6AFA37558C3A}.Debug|Any CPU.ActiveCfg = Debug|Any CPU
		{7069F366-5582-4E5D-8670-6AFA37558C3A}.Debug|Any CPU.Build.0 = Debug|Any CPU
		{7069F366-5582-4E5D-8670-6AFA37558C3A}.Release|Any CPU.ActiveCfg = Release|Any CPU
		{7069F366-5582-4E5D-8670-6AFA37558C3A}.Release|Any CPU.Build.0 = Release|Any CPU
	EndGlobalSection
	GlobalSection(SolutionProperties) = preSolution
		HideSolutionNode = FALSE
	EndGlobalSection
	GlobalSection(ExtensibilityGlobals) = postSolution
		SolutionGuid = {C02B68AE-7036-49FA-BC15-6DACCC78A011}
	EndGlobalSection
EndGlobal
